hash: 5dbe5a091d3859668c5ad51ea3a847d15e6dce690fdff2f6e1649641aa13a396
updated: 2016-09-09T16:16:12.520592318-05:00
imports:
- name: github.com/ant0ine/go-json-rest
  version: 4f1814e6e38174c46a6cccdda906987d04b735f6
  subpackages:
  - rest
  - rest/trie
- name: github.com/boltdb/bolt
  version: ad29024c8a3ff45542f26073c91b89d815f1364b
- name: github.com/cloudflare/cfssl
  version: 7fb22c8cba7ecaf98e4082d22d65800cf45e042a
  subpackages:
  - api
  - api/client
  - auth
  - certdb
  - config
  - crypto/pkcs7
  - csr
  - errors
  - helpers
  - helpers/derhelpers
  - info
  - log
  - ocsp/config
  - signer
- name: github.com/digitalrebar/go-common
  version: 343d9a6c27897672e4b4afad53f36098421915e3
  subpackages:
  - cert
  - multi-tenancy
  - service
  - store
- name: github.com/hashicorp/consul
  version: 0a34741d7266af34eed36048d1a8e8880a7b17a1
  subpackages:
  - api
- name: github.com/hashicorp/go-cleanhttp
  version: ad28ea4487f05916463e2423a55166280e8254b5
- name: github.com/hashicorp/serf
  version: 9432bc08aa8d486e497e27f84878ebbe8c1eab66
  subpackages:
  - coordinate
- name: github.com/krolaw/dhcp4
  version: ffbbb16f447b3e05b80e8ddecbb8ada36e2ae006
- name: github.com/willf/bitset
  version: 1730870b454dde6756091d8c6a3d780ef123674c
- name: golang.org/x/crypto
  version: 05d11b2ca14108dfc7f74f4f66b28c7fe92e1fd0
  subpackages:
  - pkcs12
  - pkcs12/internal/rc2
- name: golang.org/x/net
  version: f315505cf3349909cdf013ea56690da34e96a451
  subpackages:
  - internal/iana
  - ipv4
- name: golang.org/x/sys
  version: 30de6d19a3bd89a5f38ae4028e23aaa5582648af
  subpackages:
  - unix
testImports:
- name: github.com/davecgh/go-spew
  version: 6d212800a42e8ab5c146b8ace3490ee17e5225f9
  subpackages:
  - spew
- name: github.com/pmezard/go-difflib
  version: 792786c7400a136282c1664665ae0a8db921c6c2
  subpackages:
  - difflib
- name: github.com/stretchr/testify
  version: d77da356e56a7428ad25149ca77381849a6a5232
  subpackages:
  - assert
