hash: 6450d72cd92b251f73ce746308f0140312f4b072caa6c1905ff72cc43c2fc4a1
updated: 2016-07-22T00:22:29.348647893-05:00
imports:
- name: github.com/boltdb/bolt
  version: c6ba97b89e0454fec9aa92e1d33a4e2c5fc1f631
- name: github.com/cloudflare/cfssl
  version: 6944eb74906961a9295693f2185a6c0291917124
  subpackages:
  - api/client
  - auth
  - csr
  - info
  - signer
  - api
  - errors
  - log
  - helpers
  - certdb
  - config
  - crypto/pkcs7
  - helpers/derhelpers
  - ocsp/config
- name: github.com/digitalrebar/go-common
  version: 1951f44bc1a3a11cdc0e402ac542d46bd3d4cea4
  subpackages:
  - cert
  - service
  - store
- name: github.com/digitalrebar/rebar-api
  version: 031b390150eeae520fed9b53a269c522ea3baa0e
  subpackages:
  - client
  - datatypes
- name: github.com/gin-gonic/gin
  version: f931d1ea80ae95a6fc739213cdd9399bd2967fb6
  subpackages:
  - binding
  - render
- name: github.com/golang/protobuf
  version: 2402d76f3d41f928c7902a765dfc872356dd3aad
  subpackages:
  - proto
- name: github.com/guregu/null
  version: 41961cea0328defc5f95c1c473f89ebf0d1813f6
- name: github.com/hashicorp/consul
  version: fce7d75609a04eeb9d4bf41c8dc592aac18fc97d
  subpackages:
  - api
- name: github.com/hashicorp/go-cleanhttp
  version: 875fb671b3ddc66f8e2f0acc33829c8cb989a38d
- name: github.com/hashicorp/serf
  version: 6c4672d66fc6312ddde18399262943e21175d831
  subpackages:
  - coordinate
  - serf
- name: github.com/manucorporat/sse
  version: ee05b128a739a0fb76c7ebd3ae4810c1de808d6d
- name: github.com/satori/go.uuid
  version: 0aa62d5ddceb50dbcb909d790b5345affd3669b6
- name: github.com/VictorLowther/jsonpatch
  version: bf36a043be1fdc3127cc160767769878824ed71f
  subpackages:
  - utils
- name: golang.org/x/crypto
  version: 1f22c0103821b9390939b6776727195525381532
  subpackages:
  - nacl/box
  - curve25519
  - nacl/secretbox
  - salsa20/salsa
  - pkcs12
  - poly1305
  - pkcs12/internal/rc2
- name: golang.org/x/net
  version: f315505cf3349909cdf013ea56690da34e96a451
  subpackages:
  - html
  - context
  - html/atom
- name: golang.org/x/sys
  version: 20457ee8ea8546920d3f4e19e405da45250dc5a5
  subpackages:
  - unix
- name: gopkg.in/go-playground/validator.v8
  version: c193cecd124b5cc722d7ee5538e945bdb3348435
- name: gopkg.in/yaml.v2
  version: e4d366fc3c7938e2958e662b4258c7a89e1f0e3e
devImports: []
