hash: 22ebd08e3c95ddba8123437178b14b6aa34629c10d03b4faecb0a0216f62430e
updated: 2016-09-06T09:33:29.308208483-05:00
imports:
- name: github.com/boltdb/bolt
  version: ee4a0888a9abe7eefe5a0992ca4cb06864839873
- name: github.com/cloudflare/cfssl
  version: 7fb22c8cba7ecaf98e4082d22d65800cf45e042a
  subpackages:
  - api
  - api/client
  - api/info
  - auth
  - certdb
  - config
  - crypto/pkcs7
  - csr
  - errors
  - helpers
  - helpers/derhelpers
  - info
  - initca
  - log
  - ocsp/config
  - signer
  - signer/local
  - whitelist
- name: github.com/cloudflare/go-metrics
  version: 6a9aea36fb410b71add0d0e58438e0cfc44d3076
- name: github.com/digitalrebar/go-common
  version: 4118dba7ae21e66511d21940c82ec1866397d94f
  subpackages:
  - cert
  - client
  - service
  - store
- name: github.com/digitalrebar/rebar-api
  version: 5eaa9132d5f7221f9d7cede5f5f5afdb423e57b2
  subpackages:
  - api
  - datatypes
- name: github.com/google/certificate-transparency
  version: 0f6e3d1d1ba4d03fdaab7cd716f36255c2e48341
  repo: https://github.com/google/certificate-transparency
  subpackages:
  - go
  - go/asn1
  - go/client
  - go/x509
  - go/x509/pkix
- name: github.com/guregu/null
  version: 41961cea0328defc5f95c1c473f89ebf0d1813f6
- name: github.com/hashicorp/consul
  version: 26a0ef8c41aa2252ab4cf0844fc6470c8e1d8256
  subpackages:
  - api
- name: github.com/hashicorp/go-cleanhttp
  version: 875fb671b3ddc66f8e2f0acc33829c8cb989a38d
- name: github.com/hashicorp/serf
  version: e4ec8cc423bbe20d26584b96efbeb9102e16d05f
  subpackages:
  - coordinate
  - serf
- name: github.com/VictorLowther/jsonpatch
  version: bf36a043be1fdc3127cc160767769878824ed71f
  subpackages:
  - utils
- name: golang.org/x/crypto
  version: 1f22c0103821b9390939b6776727195525381532
  repo: https://go.googlesource.com/crypto
  subpackages:
  - curve25519
  - nacl/box
  - nacl/secretbox
  - ocsp
  - pbkdf2
  - pkcs12
  - pkcs12/internal/rc2
  - poly1305
  - salsa20/salsa
  - scrypt
- name: golang.org/x/net
  version: 3f122ce3dbbe488b7e6a8bdb26f41edec852a40b
  repo: https://go.googlesource.com/net
  subpackages:
  - context
  - html
  - html/atom
- name: golang.org/x/sys
  version: 20457ee8ea8546920d3f4e19e405da45250dc5a5
  subpackages:
  - unix
testImports: []
