hash: 1568ebce19811d88358f2bb9f320c47c3f937266c32821b73fe1454dd622c18b
updated: 2016-09-16T14:27:19.647327392-05:00
imports:
- name: github.com/ant0ine/go-json-rest
  version: 37ad7dc626602a8355801da6acd85155655520f8
  subpackages:
  - rest
  - rest/trie
- name: github.com/apparentlymart/go-cidr
  version: a3ebdb999b831ecb6ab8a226e31b07b2b9061c47
  subpackages:
  - cidr
- name: github.com/aws/aws-sdk-go
  version: d54f7c6d021d8fca3275e29d13255ededdc54839
  subpackages:
  - aws
  - aws/awserr
  - aws/awsutil
  - aws/client
  - aws/client/metadata
  - aws/corehandlers
  - aws/credentials
  - aws/credentials/ec2rolecreds
  - aws/credentials/endpointcreds
  - aws/credentials/stscreds
  - aws/defaults
  - aws/ec2metadata
  - aws/request
  - aws/session
  - aws/signer/v4
  - private/endpoints
  - private/protocol
  - private/protocol/query
  - private/protocol/query/queryutil
  - private/protocol/rest
  - private/protocol/restxml
  - private/protocol/xml/xmlutil
  - private/waiter
  - service/s3
  - service/sts
- name: github.com/bgentry/go-netrc
  version: 9fd32a8b3d3d3f9d43c341bfe098430e07609480
  subpackages:
  - netrc
- name: github.com/boltdb/bolt
  version: 583e8937c61f1af6513608ccc75c97b6abdf4ff9
- name: github.com/cloudflare/cfssl
  version: 437c6213e569dde639fd116272c27557fd38eaf9
  subpackages:
  - api
  - api/client
  - api/info
  - auth
  - certdb
  - config
  - crypto/pkcs7
  - csr
  - errors
  - helpers
  - helpers/derhelpers
  - info
  - initca
  - log
  - ocsp/config
  - signer
  - signer/local
  - whitelist
- name: github.com/cloudflare/go-metrics
  version: 6a9aea36fb410b71add0d0e58438e0cfc44d3076
- name: github.com/cloudfoundry-incubator/candiedyaml
  version: 99c3df83b51532e3615f851d8c2dbb638f5313bf
- name: github.com/coddingtonbear/go-jsonselect
  version: 7a793de4cf71f6ca323a92e6ac6c14477d812dd4
- name: github.com/coddingtonbear/go-simplejson
  version: a582018feafb39c4884d1b03cad98b91e2804276
- name: github.com/coreos/go-iptables
  version: fbb73372b87f6e89951c2b6b31470c2c9d5cfae3
  subpackages:
  - iptables
- name: github.com/dgrijalva/jwt-go
  version: d2709f9f1f31ebcda9651b03077758c1f3a0018c
  subpackages:
  - request
- name: github.com/ghodss/yaml
  version: aa0c862057666179de291b67d9f093d12b5a8473
- name: github.com/gin-gonic/gin
  version: f931d1ea80ae95a6fc739213cdd9399bd2967fb6
  subpackages:
  - binding
  - render
- name: github.com/go-ini/ini
  version: 6e4869b434bd001f6983749881c7ead3545887d8
- name: github.com/golang/protobuf
  version: 2402d76f3d41f928c7902a765dfc872356dd3aad
  subpackages:
  - proto
- name: github.com/google/certificate-transparency
  version: 057aecf9911862b7c69aa34cb6d1f572dab03254
  subpackages:
  - go
  - go/asn1
  - go/client
  - go/x509
  - go/x509/pkix
- name: github.com/guregu/null
  version: 41961cea0328defc5f95c1c473f89ebf0d1813f6
- name: github.com/hashicorp/consul
  version: 6f0a3b9bf5c7fd0673213d451bbc9e66f7a9cad9
  subpackages:
  - api
- name: github.com/hashicorp/errwrap
  version: 7554cd9344cec97297fa6649b055a8c98c2a1e55
- name: github.com/hashicorp/go-cleanhttp
  version: ad28ea4487f05916463e2423a55166280e8254b5
- name: github.com/hashicorp/go-getter
  version: 2fbd997432e72fe36060c8f07ec1eaf98d098177
  subpackages:
  - helper/url
- name: github.com/hashicorp/go-multierror
  version: 8c5f0ad9360406a3807ce7de6bc73269a91a6e51
- name: github.com/hashicorp/go-plugin
  version: 8cf118f7a2f0c7ef1c82f66d4f6ac77c7e27dc12
- name: github.com/hashicorp/go-uuid
  version: 64130c7a86d732268a38cb04cfbaf0cc987fda98
- name: github.com/hashicorp/go-version
  version: deeb027c13a95d56c7585df3fe29207208c6706e
- name: github.com/hashicorp/hcl
  version: ef8133da8cda503718a74741312bf50821e6de79
  subpackages:
  - hcl/ast
  - hcl/parser
  - hcl/scanner
  - hcl/strconv
  - hcl/token
  - json/parser
  - json/scanner
  - json/token
- name: github.com/hashicorp/hil
  version: 35665ca835864c6c0b5495eb38241cde3e2cff7f
  subpackages:
  - ast
- name: github.com/hashicorp/serf
  version: 555e0dcbb180ecbd03431adc28226bb3192558bc
  subpackages:
  - coordinate
- name: github.com/hashicorp/terraform
  version: 0dd7c657d6d60d2e7392b66ae6f74fb84582cab9
  subpackages:
  - config
  - config/module
  - dag
  - dot
  - flatmap
  - helper/hashcode
  - helper/hilmapstructure
  - helper/schema
  - plugin
  - terraform
- name: github.com/hashicorp/yamux
  version: d1caa6c97c9fc1cc9e83bbe34d0603f9ff0ce8bd
- name: github.com/inconshreveable/mousetrap
  version: 76626ae9c91c4f2a10f34cad8ce83ea42c93bb75
- name: github.com/jmespath/go-jmespath
  version: bd40a432e4c76585ef6b72d3fd96fb9b6dc7b68d
- name: github.com/kardianos/osext
  version: c2c54e542fb797ad986b31721e1baedf214ca413
- name: github.com/kmanley/go-http-auth
  version: efc9484eee77263a11f158ef4f30fcc30298a942
- name: github.com/krolaw/dhcp4
  version: ffbbb16f447b3e05b80e8ddecbb8ada36e2ae006
- name: github.com/manucorporat/sse
  version: ee05b128a739a0fb76c7ebd3ae4810c1de808d6d
- name: github.com/mitchellh/copystructure
  version: 6871c41ca9148d368715dedcda473f396f205df5
- name: github.com/mitchellh/go-homedir
  version: 756f7b183b7ab78acdbbee5c7f392838ed459dda
- name: github.com/mitchellh/mapstructure
  version: ca63d7c062ee3c9f34db231e352b60012b4fd0c1
- name: github.com/mitchellh/reflectwalk
  version: eecf4c70c626c7cfbb95c90195bc34d386c74ac6
- name: github.com/nu7hatch/gouuid
  version: 179d4d0c4d8d407a32af483c2354df1d2c91e6c3
- name: github.com/pborman/uuid
  version: a97ce2ca70fa5a848076093f05e639a89ca34d06
- name: github.com/RobotsAndPencils/go-saml
  version: aa127de49a0111329d9dbd2e19ddf21da90eb931
  subpackages:
  - util
- name: github.com/satori/go.uuid
  version: 879c5887cd475cd7864858769793b2ceb0d44feb
- name: github.com/spf13/cobra
  version: 9c28e4bbd74e5c3ed7aacbc552b2cab7cfdfe744
- name: github.com/spf13/pflag
  version: c7e63cf4530bcd3ba943729cee0efeff2ebea63f
- name: github.com/VictorLowther/jsonpatch
  version: bf36a043be1fdc3127cc160767769878824ed71f
  subpackages:
  - utils
- name: github.com/VictorLowther/yaml
  version: 7ad95dd0798a40da1ccdff6dff35fd177b5edf40
- name: github.com/willf/bitset
  version: 1730870b454dde6756091d8c6a3d780ef123674c
- name: golang.org/x/crypto
  version: 81372b2fc2f10bef2a7f338da115c315a56b2726
  subpackages:
  - bcrypt
  - blowfish
  - curve25519
  - nacl/box
  - nacl/secretbox
  - pkcs12
  - pkcs12/internal/rc2
  - poly1305
  - salsa20/salsa
- name: golang.org/x/net
  version: f315505cf3349909cdf013ea56690da34e96a451
  subpackages:
  - context
  - html
  - html/atom
  - internal/iana
  - ipv4
- name: golang.org/x/sys
  version: 8f0908ab3b2457e2e15403d3697c9ef5cb4b57a9
  subpackages:
  - unix
- name: gopkg.in/go-playground/validator.v8
  version: c193cecd124b5cc722d7ee5538e945bdb3348435
- name: gopkg.in/yaml.v2
  version: 31c299268d302dd0aa9a0dcf765a3d58971ac83f
testImports:
- name: github.com/davecgh/go-spew
  version: 5215b55f46b2b919f50a1df0eaa5886afe4e3b3d
  subpackages:
  - spew
- name: github.com/pmezard/go-difflib
  version: 792786c7400a136282c1664665ae0a8db921c6c2
  subpackages:
  - difflib
- name: github.com/stretchr/testify
  version: f390dcf405f7b83c997eac1b06768bb9f44dec18
  subpackages:
  - assert
